// !$*UTF8*$!
{
	archiveVersion = 1;
	classes = {
	};
	objectVersion = 56;
	objects = {

/* Begin PBXBuildFile section */
		C06A526B2A7A71A30035DB99 /* AppDelegate.swift in Sources */ = {isa = PBXBuildFile; fileRef = C06A526A2A7A71A30035DB99 /* AppDelegate.swift */; };
		C06A526F2A7A71A40035DB99 /* Assets.xcassets in Resources */ = {isa = PBXBuildFile; fileRef = C06A526E2A7A71A40035DB99 /* Assets.xcassets */; };
		C06A52722A7A71A40035DB99 /* Main.storyboard in Resources */ = {isa = PBXBuildFile; fileRef = C06A52702A7A71A40035DB99 /* Main.storyboard */; };
		C06A527F2A7A73030035DB99 /* MainModuleAssembly.swift in Sources */ = {isa = PBXBuildFile; fileRef = C06A527B2A7A73030035DB99 /* MainModuleAssembly.swift */; };
		C06A52802A7A73030035DB99 /* MainController.swift in Sources */ = {isa = PBXBuildFile; fileRef = C06A527C2A7A73030035DB99 /* MainController.swift */; };
		C06A52812A7A73030035DB99 /* MainView.swift in Sources */ = {isa = PBXBuildFile; fileRef = C06A527D2A7A73030035DB99 /* MainView.swift */; };
		C06A52822A7A73030035DB99 /* MainViewModel.swift in Sources */ = {isa = PBXBuildFile; fileRef = C06A527E2A7A73030035DB99 /* MainViewModel.swift */; };
		C06A52882A7A80620035DB99 /* WindowSize.swift in Sources */ = {isa = PBXBuildFile; fileRef = C06A52872A7A80620035DB99 /* WindowSize.swift */; };
		C06A528C2A7A83CB0035DB99 /* SortingBarsView.swift in Sources */ = {isa = PBXBuildFile; fileRef = C06A528B2A7A83CB0035DB99 /* SortingBarsView.swift */; };
		C06A52912A7A98450035DB99 /* BarModel.swift in Sources */ = {isa = PBXBuildFile; fileRef = C06A52902A7A98450035DB99 /* BarModel.swift */; };
		C06A52942A7A98700035DB99 /* NSColor.swift in Sources */ = {isa = PBXBuildFile; fileRef = C06A52932A7A98700035DB99 /* NSColor.swift */; };
		C06A52972A7AB1760035DB99 /* SelectionSort.swift in Sources */ = {isa = PBXBuildFile; fileRef = C06A52962A7AB1760035DB99 /* SelectionSort.swift */; };
		C06A52992A7AF2D50035DB99 /* SortAlgorithms.swift in Sources */ = {isa = PBXBuildFile; fileRef = C06A52982A7AF2D50035DB99 /* SortAlgorithms.swift */; };
		C06A529B2A7AFF180035DB99 /* BaseSort.swift in Sources */ = {isa = PBXBuildFile; fileRef = C06A529A2A7AFF180035DB99 /* BaseSort.swift */; };
		C06A529E2A7B01460035DB99 /* SelectablePopUpButton.swift in Sources */ = {isa = PBXBuildFile; fileRef = C06A529D2A7B01460035DB99 /* SelectablePopUpButton.swift */; };
		C06A52A12A7B058E0035DB99 /* SortAlgorithmsFactory.swift in Sources */ = {isa = PBXBuildFile; fileRef = C06A52A02A7B058E0035DB99 /* SortAlgorithmsFactory.swift */; };
		C06A52A32A7B26BE0035DB99 /* SortAction.swift in Sources */ = {isa = PBXBuildFile; fileRef = C06A52A22A7B26BE0035DB99 /* SortAction.swift */; };
		C06A52A62A7B279F0035DB99 /* BarType.swift in Sources */ = {isa = PBXBuildFile; fileRef = C06A52A52A7B279F0035DB99 /* BarType.swift */; };
		C06A52A92A7BC21B0035DB99 /* CalculateBarModelsOperation.swift in Sources */ = {isa = PBXBuildFile; fileRef = C06A52A82A7BC21B0035DB99 /* CalculateBarModelsOperation.swift */; };
		C06A52AB2A7BC22C0035DB99 /* DrawFieldOperation.swift in Sources */ = {isa = PBXBuildFile; fileRef = C06A52AA2A7BC22C0035DB99 /* DrawFieldOperation.swift */; };
/* End PBXBuildFile section */

/* Begin PBXFileReference section */
		C06A52672A7A71A30035DB99 /* SortingAlgorithms.app */ = {isa = PBXFileReference; explicitFileType = wrapper.application; includeInIndex = 0; path = SortingAlgorithms.app; sourceTree = BUILT_PRODUCTS_DIR; };
		C06A526A2A7A71A30035DB99 /* AppDelegate.swift */ = {isa = PBXFileReference; lastKnownFileType = sourcecode.swift; path = AppDelegate.swift; sourceTree = "<group>"; };
		C06A526E2A7A71A40035DB99 /* Assets.xcassets */ = {isa = PBXFileReference; lastKnownFileType = folder.assetcatalog; path = Assets.xcassets; sourceTree = "<group>"; };
		C06A52712A7A71A40035DB99 /* Base */ = {isa = PBXFileReference; lastKnownFileType = file.storyboard; name = Base; path = Base.lproj/Main.storyboard; sourceTree = "<group>"; };
		C06A52732A7A71A40035DB99 /* SortingAlgorithms.entitlements */ = {isa = PBXFileReference; lastKnownFileType = text.plist.entitlements; path = SortingAlgorithms.entitlements; sourceTree = "<group>"; };
		C06A527B2A7A73030035DB99 /* MainModuleAssembly.swift */ = {isa = PBXFileReference; lastKnownFileType = sourcecode.swift; path = MainModuleAssembly.swift; sourceTree = "<group>"; };
		C06A527C2A7A73030035DB99 /* MainController.swift */ = {isa = PBXFileReference; lastKnownFileType = sourcecode.swift; path = MainController.swift; sourceTree = "<group>"; };
		C06A527D2A7A73030035DB99 /* MainView.swift */ = {isa = PBXFileReference; lastKnownFileType = sourcecode.swift; path = MainView.swift; sourceTree = "<group>"; };
		C06A527E2A7A73030035DB99 /* MainViewModel.swift */ = {isa = PBXFileReference; lastKnownFileType = sourcecode.swift; path = MainViewModel.swift; sourceTree = "<group>"; };
		C06A52872A7A80620035DB99 /* WindowSize.swift */ = {isa = PBXFileReference; lastKnownFileType = sourcecode.swift; path = WindowSize.swift; sourceTree = "<group>"; };
		C06A528B2A7A83CB0035DB99 /* SortingBarsView.swift */ = {isa = PBXFileReference; lastKnownFileType = sourcecode.swift; path = SortingBarsView.swift; sourceTree = "<group>"; };
		C06A52902A7A98450035DB99 /* BarModel.swift */ = {isa = PBXFileReference; lastKnownFileType = sourcecode.swift; path = BarModel.swift; sourceTree = "<group>"; };
		C06A52932A7A98700035DB99 /* NSColor.swift */ = {isa = PBXFileReference; lastKnownFileType = sourcecode.swift; path = NSColor.swift; sourceTree = "<group>"; };
		C06A52962A7AB1760035DB99 /* SelectionSort.swift */ = {isa = PBXFileReference; lastKnownFileType = sourcecode.swift; path = SelectionSort.swift; sourceTree = "<group>"; };
		C06A52982A7AF2D50035DB99 /* SortAlgorithms.swift */ = {isa = PBXFileReference; lastKnownFileType = sourcecode.swift; path = SortAlgorithms.swift; sourceTree = "<group>"; };
		C06A529A2A7AFF180035DB99 /* BaseSort.swift */ = {isa = PBXFileReference; lastKnownFileType = sourcecode.swift; path = BaseSort.swift; sourceTree = "<group>"; };
		C06A529D2A7B01460035DB99 /* SelectablePopUpButton.swift */ = {isa = PBXFileReference; lastKnownFileType = sourcecode.swift; path = SelectablePopUpButton.swift; sourceTree = "<group>"; };
		C06A52A02A7B058E0035DB99 /* SortAlgorithmsFactory.swift */ = {isa = PBXFileReference; lastKnownFileType = sourcecode.swift; path = SortAlgorithmsFactory.swift; sourceTree = "<group>"; };
		C06A52A22A7B26BE0035DB99 /* SortAction.swift */ = {isa = PBXFileReference; lastKnownFileType = sourcecode.swift; path = SortAction.swift; sourceTree = "<group>"; };
		C06A52A52A7B279F0035DB99 /* BarType.swift */ = {isa = PBXFileReference; lastKnownFileType = sourcecode.swift; path = BarType.swift; sourceTree = "<group>"; };
		C06A52A82A7BC21B0035DB99 /* CalculateBarModelsOperation.swift */ = {isa = PBXFileReference; lastKnownFileType = sourcecode.swift; path = CalculateBarModelsOperation.swift; sourceTree = "<group>"; };
		C06A52AA2A7BC22C0035DB99 /* DrawFieldOperation.swift */ = {isa = PBXFileReference; lastKnownFileType = sourcecode.swift; path = DrawFieldOperation.swift; sourceTree = "<group>"; };
/* End PBXFileReference section */

/* Begin PBXFrameworksBuildPhase section */
		C06A52642A7A71A30035DB99 /* Frameworks */ = {
			isa = PBXFrameworksBuildPhase;
			buildActionMask = 2147483647;
			files = (
			);
			runOnlyForDeploymentPostprocessing = 0;
		};
/* End PBXFrameworksBuildPhase section */

/* Begin PBXGroup section */
		C06A525E2A7A71A30035DB99 = {
			isa = PBXGroup;
			children = (
				C06A52692A7A71A30035DB99 /* SortingAlgorithms */,
				C06A52682A7A71A30035DB99 /* Products */,
			);
			sourceTree = "<group>";
		};
		C06A52682A7A71A30035DB99 /* Products */ = {
			isa = PBXGroup;
			children = (
				C06A52672A7A71A30035DB99 /* SortingAlgorithms.app */,
			);
			name = Products;
			sourceTree = "<group>";
		};
		C06A52692A7A71A30035DB99 /* SortingAlgorithms */ = {
			isa = PBXGroup;
			children = (
				C06A526A2A7A71A30035DB99 /* AppDelegate.swift */,
				C06A529F2A7B057E0035DB99 /* Helpers */,
				C06A52852A7A80370035DB99 /* Models */,
				C06A52792A7A72D60035DB99 /* Screens */,
				C06A52892A7A83600035DB99 /* UI */,
				C06A52922A7A985A0035DB99 /* Extensions */,
				C06A526E2A7A71A40035DB99 /* Assets.xcassets */,
				C06A52702A7A71A40035DB99 /* Main.storyboard */,
				C06A52732A7A71A40035DB99 /* SortingAlgorithms.entitlements */,
			);
			path = SortingAlgorithms;
			sourceTree = "<group>";
		};
		C06A52792A7A72D60035DB99 /* Screens */ = {
			isa = PBXGroup;
			children = (
				C06A527A2A7A72E30035DB99 /* Main */,
			);
			path = Screens;
			sourceTree = "<group>";
		};
		C06A527A2A7A72E30035DB99 /* Main */ = {
			isa = PBXGroup;
			children = (
				C06A52832A7A730F0035DB99 /* View */,
				C06A52842A7A73180035DB99 /* ViewModel */,
				C06A527B2A7A73030035DB99 /* MainModuleAssembly.swift */,
			);
			path = Main;
			sourceTree = "<group>";
		};
		C06A52832A7A730F0035DB99 /* View */ = {
			isa = PBXGroup;
			children = (
				C06A527D2A7A73030035DB99 /* MainView.swift */,
				C06A527C2A7A73030035DB99 /* MainController.swift */,
			);
			path = View;
			sourceTree = "<group>";
		};
		C06A52842A7A73180035DB99 /* ViewModel */ = {
			isa = PBXGroup;
			children = (
				C06A527E2A7A73030035DB99 /* MainViewModel.swift */,
			);
			path = ViewModel;
			sourceTree = "<group>";
		};
		C06A52852A7A80370035DB99 /* Models */ = {
			isa = PBXGroup;
			children = (
				C06A52A72A7BC20D0035DB99 /* Operations */,
				C06A52952A7AB15C0035DB99 /* Sorts */,
				C06A528F2A7A98390035DB99 /* Entities */,
				C06A52862A7A80410035DB99 /* Constants */,
			);
			path = Models;
			sourceTree = "<group>";
		};
		C06A52862A7A80410035DB99 /* Constants */ = {
			isa = PBXGroup;
			children = (
				C06A52872A7A80620035DB99 /* WindowSize.swift */,
			);
			path = Constants;
			sourceTree = "<group>";
		};
		C06A52892A7A83600035DB99 /* UI */ = {
			isa = PBXGroup;
			children = (
				C06A529C2A7B013D0035DB99 /* Buttons */,
				C06A528A2A7A83730035DB99 /* Views */,
			);
			path = UI;
			sourceTree = "<group>";
		};
		C06A528A2A7A83730035DB99 /* Views */ = {
			isa = PBXGroup;
			children = (
				C06A528B2A7A83CB0035DB99 /* SortingBarsView.swift */,
			);
			path = Views;
			sourceTree = "<group>";
		};
		C06A528F2A7A98390035DB99 /* Entities */ = {
			isa = PBXGroup;
			children = (
				C06A52902A7A98450035DB99 /* BarModel.swift */,
				C06A52A52A7B279F0035DB99 /* BarType.swift */,
			);
			path = Entities;
			sourceTree = "<group>";
		};
		C06A52922A7A985A0035DB99 /* Extensions */ = {
			isa = PBXGroup;
			children = (
				C06A52932A7A98700035DB99 /* NSColor.swift */,
			);
			path = Extensions;
			sourceTree = "<group>";
		};
		C06A52952A7AB15C0035DB99 /* Sorts */ = {
			isa = PBXGroup;
			children = (
				C06A52A42A7B26CC0035DB99 /* Enums */,
				C06A529A2A7AFF180035DB99 /* BaseSort.swift */,
				C06A52962A7AB1760035DB99 /* SelectionSort.swift */,
			);
			path = Sorts;
			sourceTree = "<group>";
		};
		C06A529C2A7B013D0035DB99 /* Buttons */ = {
			isa = PBXGroup;
			children = (
				C06A529D2A7B01460035DB99 /* SelectablePopUpButton.swift */,
			);
			path = Buttons;
			sourceTree = "<group>";
		};
		C06A529F2A7B057E0035DB99 /* Helpers */ = {
			isa = PBXGroup;
			children = (
				C06A52A02A7B058E0035DB99 /* SortAlgorithmsFactory.swift */,
			);
			path = Helpers;
			sourceTree = "<group>";
		};
		C06A52A42A7B26CC0035DB99 /* Enums */ = {
			isa = PBXGroup;
			children = (
				C06A52A22A7B26BE0035DB99 /* SortAction.swift */,
				C06A52982A7AF2D50035DB99 /* SortAlgorithms.swift */,
			);
			path = Enums;
			sourceTree = "<group>";
		};
		C06A52A72A7BC20D0035DB99 /* Operations */ = {
			isa = PBXGroup;
			children = (
				C06A52A82A7BC21B0035DB99 /* CalculateBarModelsOperation.swift */,
				C06A52AA2A7BC22C0035DB99 /* DrawFieldOperation.swift */,
			);
			path = Operations;
			sourceTree = "<group>";
		};
/* End PBXGroup section */

/* Begin PBXNativeTarget section */
		C06A52662A7A71A30035DB99 /* SortingAlgorithms */ = {
			isa = PBXNativeTarget;
			buildConfigurationList = C06A52762A7A71A40035DB99 /* Build configuration list for PBXNativeTarget "SortingAlgorithms" */;
			buildPhases = (
				C06A52632A7A71A30035DB99 /* Sources */,
				C06A52642A7A71A30035DB99 /* Frameworks */,
				C06A52652A7A71A30035DB99 /* Resources */,
			);
			buildRules = (
			);
			dependencies = (
			);
			name = SortingAlgorithms;
			productName = SortingAlgorithms;
			productReference = C06A52672A7A71A30035DB99 /* SortingAlgorithms.app */;
			productType = "com.apple.product-type.application";
		};
/* End PBXNativeTarget section */

/* Begin PBXProject section */
		C06A525F2A7A71A30035DB99 /* Project object */ = {
			isa = PBXProject;
			attributes = {
				BuildIndependentTargetsInParallel = 1;
				LastSwiftUpdateCheck = 1430;
				LastUpgradeCheck = 1430;
				TargetAttributes = {
					C06A52662A7A71A30035DB99 = {
						CreatedOnToolsVersion = 14.3.1;
					};
				};
			};
			buildConfigurationList = C06A52622A7A71A30035DB99 /* Build configuration list for PBXProject "SortingAlgorithms" */;
			compatibilityVersion = "Xcode 14.0";
			developmentRegion = en;
			hasScannedForEncodings = 0;
			knownRegions = (
				en,
				Base,
			);
			mainGroup = C06A525E2A7A71A30035DB99;
			productRefGroup = C06A52682A7A71A30035DB99 /* Products */;
			projectDirPath = "";
			projectRoot = "";
			targets = (
				C06A52662A7A71A30035DB99 /* SortingAlgorithms */,
			);
		};
/* End PBXProject section */

/* Begin PBXResourcesBuildPhase section */
		C06A52652A7A71A30035DB99 /* Resources */ = {
			isa = PBXResourcesBuildPhase;
			buildActionMask = 2147483647;
			files = (
				C06A526F2A7A71A40035DB99 /* Assets.xcassets in Resources */,
				C06A52722A7A71A40035DB99 /* Main.storyboard in Resources */,
			);
			runOnlyForDeploymentPostprocessing = 0;
		};
/* End PBXResourcesBuildPhase section */

/* Begin PBXSourcesBuildPhase section */
		C06A52632A7A71A30035DB99 /* Sources */ = {
			isa = PBXSourcesBuildPhase;
			buildActionMask = 2147483647;
			files = (
				C06A52802A7A73030035DB99 /* MainController.swift in Sources */,
				C06A528C2A7A83CB0035DB99 /* SortingBarsView.swift in Sources */,
				C06A529E2A7B01460035DB99 /* SelectablePopUpButton.swift in Sources */,
				C06A527F2A7A73030035DB99 /* MainModuleAssembly.swift in Sources */,
				C06A52812A7A73030035DB99 /* MainView.swift in Sources */,
				C06A529B2A7AFF180035DB99 /* BaseSort.swift in Sources */,
				C06A52972A7AB1760035DB99 /* SelectionSort.swift in Sources */,
				C06A52942A7A98700035DB99 /* NSColor.swift in Sources */,
				C06A52AB2A7BC22C0035DB99 /* DrawFieldOperation.swift in Sources */,
				C06A52992A7AF2D50035DB99 /* SortAlgorithms.swift in Sources */,
				C06A52882A7A80620035DB99 /* WindowSize.swift in Sources */,
				C06A52A12A7B058E0035DB99 /* SortAlgorithmsFactory.swift in Sources */,
				C06A526B2A7A71A30035DB99 /* AppDelegate.swift in Sources */,
				C06A52822A7A73030035DB99 /* MainViewModel.swift in Sources */,
				C06A52A32A7B26BE0035DB99 /* SortAction.swift in Sources */,
				C06A52912A7A98450035DB99 /* BarModel.swift in Sources */,
				C06A52A62A7B279F0035DB99 /* BarType.swift in Sources */,
				C06A52A92A7BC21B0035DB99 /* CalculateBarModelsOperation.swift in Sources */,
			);
			runOnlyForDeploymentPostprocessing = 0;
		};
/* End PBXSourcesBuildPhase section */

/* Begin PBXVariantGroup section */
		C06A52702A7A71A40035DB99 /* Main.storyboard */ = {
			isa = PBXVariantGroup;
			children = (
				C06A52712A7A71A40035DB99 /* Base */,
			);
			name = Main.storyboard;
			sourceTree = "<group>";
		};
/* End PBXVariantGroup section */

/* Begin XCBuildConfiguration section */
		C06A52742A7A71A40035DB99 /* Debug */ = {
			isa = XCBuildConfiguration;
			buildSettings = {
				ALWAYS_SEARCH_USER_PATHS = NO;
				CLANG_ANALYZER_NONNULL = YES;
				CLANG_ANALYZER_NUMBER_OBJECT_CONVERSION = YES_AGGRESSIVE;
				CLANG_CXX_LANGUAGE_STANDARD = "gnu++20";
				CLANG_ENABLE_MODULES = YES;
				CLANG_ENABLE_OBJC_ARC = YES;
				CLANG_ENABLE_OBJC_WEAK = YES;
				CLANG_WARN_BLOCK_CAPTURE_AUTORELEASING = YES;
				CLANG_WARN_BOOL_CONVERSION = YES;
				CLANG_WARN_COMMA = YES;
				CLANG_WARN_CONSTANT_CONVERSION = YES;
				CLANG_WARN_DEPRECATED_OBJC_IMPLEMENTATIONS = YES;
				CLANG_WARN_DIRECT_OBJC_ISA_USAGE = YES_ERROR;
				CLANG_WARN_DOCUMENTATION_COMMENTS = YES;
				CLANG_WARN_EMPTY_BODY = YES;
				CLANG_WARN_ENUM_CONVERSION = YES;
				CLANG_WARN_INFINITE_RECURSION = YES;
				CLANG_WARN_INT_CONVERSION = YES;
				CLANG_WARN_NON_LITERAL_NULL_CONVERSION = YES;
				CLANG_WARN_OBJC_IMPLICIT_RETAIN_SELF = YES;
				CLANG_WARN_OBJC_LITERAL_CONVERSION = YES;
				CLANG_WARN_OBJC_ROOT_CLASS = YES_ERROR;
				CLANG_WARN_QUOTED_INCLUDE_IN_FRAMEWORK_HEADER = YES;
				CLANG_WARN_RANGE_LOOP_ANALYSIS = YES;
				CLANG_WARN_STRICT_PROTOTYPES = YES;
				CLANG_WARN_SUSPICIOUS_MOVE = YES;
				CLANG_WARN_UNGUARDED_AVAILABILITY = YES_AGGRESSIVE;
				CLANG_WARN_UNREACHABLE_CODE = YES;
				CLANG_WARN__DUPLICATE_METHOD_MATCH = YES;
				COPY_PHASE_STRIP = NO;
				DEBUG_INFORMATION_FORMAT = dwarf;
				ENABLE_STRICT_OBJC_MSGSEND = YES;
				ENABLE_TESTABILITY = YES;
				GCC_C_LANGUAGE_STANDARD = gnu11;
				GCC_DYNAMIC_NO_PIC = NO;
				GCC_NO_COMMON_BLOCKS = YES;
				GCC_OPTIMIZATION_LEVEL = 0;
				GCC_PREPROCESSOR_DEFINITIONS = (
					"DEBUG=1",
					"$(inherited)",
				);
				GCC_WARN_64_TO_32_BIT_CONVERSION = YES;
				GCC_WARN_ABOUT_RETURN_TYPE = YES_ERROR;
				GCC_WARN_UNDECLARED_SELECTOR = YES;
				GCC_WARN_UNINITIALIZED_AUTOS = YES_AGGRESSIVE;
				GCC_WARN_UNUSED_FUNCTION = YES;
				GCC_WARN_UNUSED_VARIABLE = YES;
				MACOSX_DEPLOYMENT_TARGET = 13.3;
				MTL_ENABLE_DEBUG_INFO = INCLUDE_SOURCE;
				MTL_FAST_MATH = YES;
				ONLY_ACTIVE_ARCH = YES;
				SDKROOT = macosx;
				SWIFT_ACTIVE_COMPILATION_CONDITIONS = DEBUG;
				SWIFT_OPTIMIZATION_LEVEL = "-Onone";
			};
			name = Debug;
		};
		C06A52752A7A71A40035DB99 /* Release */ = {
			isa = XCBuildConfiguration;
			buildSettings = {
				ALWAYS_SEARCH_USER_PATHS = NO;
				CLANG_ANALYZER_NONNULL = YES;
				CLANG_ANALYZER_NUMBER_OBJECT_CONVERSION = YES_AGGRESSIVE;
				CLANG_CXX_LANGUAGE_STANDARD = "gnu++20";
				CLANG_ENABLE_MODULES = YES;
				CLANG_ENABLE_OBJC_ARC = YES;
				CLANG_ENABLE_OBJC_WEAK = YES;
				CLANG_WARN_BLOCK_CAPTURE_AUTORELEASING = YES;
				CLANG_WARN_BOOL_CONVERSION = YES;
				CLANG_WARN_COMMA = YES;
				CLANG_WARN_CONSTANT_CONVERSION = YES;
				CLANG_WARN_DEPRECATED_OBJC_IMPLEMENTATIONS = YES;
				CLANG_WARN_DIRECT_OBJC_ISA_USAGE = YES_ERROR;
				CLANG_WARN_DOCUMENTATION_COMMENTS = YES;
				CLANG_WARN_EMPTY_BODY = YES;
				CLANG_WARN_ENUM_CONVERSION = YES;
				CLANG_WARN_INFINITE_RECURSION = YES;
				CLANG_WARN_INT_CONVERSION = YES;
				CLANG_WARN_NON_LITERAL_NULL_CONVERSION = YES;
				CLANG_WARN_OBJC_IMPLICIT_RETAIN_SELF = YES;
				CLANG_WARN_OBJC_LITERAL_CONVERSION = YES;
				CLANG_WARN_OBJC_ROOT_CLASS = YES_ERROR;
				CLANG_WARN_QUOTED_INCLUDE_IN_FRAMEWORK_HEADER = YES;
				CLANG_WARN_RANGE_LOOP_ANALYSIS = YES;
				CLANG_WARN_STRICT_PROTOTYPES = YES;
				CLANG_WARN_SUSPICIOUS_MOVE = YES;
				CLANG_WARN_UNGUARDED_AVAILABILITY = YES_AGGRESSIVE;
				CLANG_WARN_UNREACHABLE_CODE = YES;
				CLANG_WARN__DUPLICATE_METHOD_MATCH = YES;
				COPY_PHASE_STRIP = NO;
				DEBUG_INFORMATION_FORMAT = "dwarf-with-dsym";
				ENABLE_NS_ASSERTIONS = NO;
				ENABLE_STRICT_OBJC_MSGSEND = YES;
				GCC_C_LANGUAGE_STANDARD = gnu11;
				GCC_NO_COMMON_BLOCKS = YES;
				GCC_WARN_64_TO_32_BIT_CONVERSION = YES;
				GCC_WARN_ABOUT_RETURN_TYPE = YES_ERROR;
				GCC_WARN_UNDECLARED_SELECTOR = YES;
				GCC_WARN_UNINITIALIZED_AUTOS = YES_AGGRESSIVE;
				GCC_WARN_UNUSED_FUNCTION = YES;
				GCC_WARN_UNUSED_VARIABLE = YES;
				MACOSX_DEPLOYMENT_TARGET = 13.3;
				MTL_ENABLE_DEBUG_INFO = NO;
				MTL_FAST_MATH = YES;
				SDKROOT = macosx;
				SWIFT_COMPILATION_MODE = wholemodule;
				SWIFT_OPTIMIZATION_LEVEL = "-O";
			};
			name = Release;
		};
		C06A52772A7A71A40035DB99 /* Debug */ = {
			isa = XCBuildConfiguration;
			buildSettings = {
				ASSETCATALOG_COMPILER_APPICON_NAME = AppIcon;
				ASSETCATALOG_COMPILER_GLOBAL_ACCENT_COLOR_NAME = AccentColor;
				CODE_SIGN_ENTITLEMENTS = SortingAlgorithms/SortingAlgorithms.entitlements;
				CODE_SIGN_STYLE = Automatic;
				COMBINE_HIDPI_IMAGES = YES;
				CURRENT_PROJECT_VERSION = 1;
				DEVELOPMENT_TEAM = 586JQB45F3;
				ENABLE_HARDENED_RUNTIME = YES;
				GENERATE_INFOPLIST_FILE = YES;
				INFOPLIST_KEY_NSHumanReadableCopyright = "";
				INFOPLIST_KEY_NSMainStoryboardFile = Main;
				INFOPLIST_KEY_NSPrincipalClass = NSApplication;
				LD_RUNPATH_SEARCH_PATHS = (
					"$(inherited)",
					"@executable_path/../Frameworks",
				);
				MARKETING_VERSION = 1.0;
				PRODUCT_BUNDLE_IDENTIFIER = ru.ighiba.SortingAlgorithms;
				PRODUCT_NAME = "$(TARGET_NAME)";
				SWIFT_EMIT_LOC_STRINGS = YES;
				SWIFT_VERSION = 5.0;
			};
			name = Debug;
		};
		C06A52782A7A71A40035DB99 /* Release */ = {
			isa = XCBuildConfiguration;
			buildSettings = {
				ASSETCATALOG_COMPILER_APPICON_NAME = AppIcon;
				ASSETCATALOG_COMPILER_GLOBAL_ACCENT_COLOR_NAME = AccentColor;
				CODE_SIGN_ENTITLEMENTS = SortingAlgorithms/SortingAlgorithms.entitlements;
				CODE_SIGN_STYLE = Automatic;
				COMBINE_HIDPI_IMAGES = YES;
				CURRENT_PROJECT_VERSION = 1;
				DEVELOPMENT_TEAM = 586JQB45F3;
				ENABLE_HARDENED_RUNTIME = YES;
				GENERATE_INFOPLIST_FILE = YES;
				INFOPLIST_KEY_NSHumanReadableCopyright = "";
				INFOPLIST_KEY_NSMainStoryboardFile = Main;
				INFOPLIST_KEY_NSPrincipalClass = NSApplication;
				LD_RUNPATH_SEARCH_PATHS = (
					"$(inherited)",
					"@executable_path/../Frameworks",
				);
				MARKETING_VERSION = 1.0;
				PRODUCT_BUNDLE_IDENTIFIER = ru.ighiba.SortingAlgorithms;
				PRODUCT_NAME = "$(TARGET_NAME)";
				SWIFT_EMIT_LOC_STRINGS = YES;
				SWIFT_VERSION = 5.0;
			};
			name = Release;
		};
/* End XCBuildConfiguration section */

/* Begin XCConfigurationList section */
		C06A52622A7A71A30035DB99 /* Build configuration list for PBXProject "SortingAlgorithms" */ = {
			isa = XCConfigurationList;
			buildConfigurations = (
				C06A52742A7A71A40035DB99 /* Debug */,
				C06A52752A7A71A40035DB99 /* Release */,
			);
			defaultConfigurationIsVisible = 0;
			defaultConfigurationName = Release;
		};
		C06A52762A7A71A40035DB99 /* Build configuration list for PBXNativeTarget "SortingAlgorithms" */ = {
			isa = XCConfigurationList;
			buildConfigurations = (
				C06A52772A7A71A40035DB99 /* Debug */,
				C06A52782A7A71A40035DB99 /* Release */,
			);
			defaultConfigurationIsVisible = 0;
			defaultConfigurationName = Release;
		};
/* End XCConfigurationList section */
	};
	rootObject = C06A525F2A7A71A30035DB99 /* Project object */;
}
